
Microsoft Visual Studio Solution File, Format Version 12.00
# Visual Studio Version 17
VisualStudioVersion = 17.10.35004.147
MinimumVisualStudioVersion = 10.0.40219.1
Project("{FAE04EC0-301F-11D3-BF4B-00C04F79EFBC}") = "BestBuyCRUD", "BestBuyCRUD\BestBuyCRUD.csproj", "{5C1CFA14-8396-46D9-86F3-F4BC2EF7BD78}"
EndProject
Global
	GlobalSection(SolutionConfigurationPlatforms) = preSolution
		Debug|Any CPU = Debug|Any CPU
		Release|Any CPU = Release|Any CPU
	EndGlobalSection
	GlobalSection(ProjectConfigurationPlatforms) = postSolution
		{5C1CFA14-8396-46D9-86F3-F4BC2EF7BD78}.Debug|Any CPU.ActiveCfg = Debug|Any CPU
		{5C1CFA14-8396-46D9-86F3-F4BC2EF7BD78}.Debug|Any CPU.Build.0 = Debug|Any CPU
		{5C1CFA14-8396-46D9-86F3-F4BC2EF7BD78}.Release|Any CPU.ActiveCfg = Release|Any CPU
		{5C1CFA14-8396-46D9-86F3-F4BC2EF7BD78}.Release|Any CPU.Build.0 = Release|Any CPU
	EndGlobalSection
	GlobalSection(SolutionProperties) = preSolution
		HideSolutionNode = FALSE
	EndGlobalSection
	GlobalSection(ExtensibilityGlobals) = postSolution
		SolutionGuid = {FEEECF52-B210-4C73-BBAD-865434926EB5}
	EndGlobalSection
EndGlobal
